// !$*UTF8*$!
{
	archiveVersion = 1;
	classes = {
	};
	objectVersion = 51;
	objects = {

/* Begin PBXBuildFile section */
		449E7361F6442C637331F413 /* libPods-TestApp.a in Frameworks */ = {isa = PBXBuildFile; fileRef = 1069D6964288B3F4304B26E6 /* libPods-TestApp.a */; };
		9F9EDD8722D74147003E519A /* AppDelegate.m in Sources */ = {isa = PBXBuildFile; fileRef = 9F9EDD8622D74147003E519A /* AppDelegate.m */; };
		9F9EDD8A22D74147003E519A /* ViewController.m in Sources */ = {isa = PBXBuildFile; fileRef = 9F9EDD8922D74147003E519A /* ViewController.m */; };
		9F9EDD8D22D74148003E519A /* Main.storyboard in Resources */ = {isa = PBXBuildFile; fileRef = 9F9EDD8B22D74148003E519A /* Main.storyboard */; };
		9F9EDD8F22D74149003E519A /* Assets.xcassets in Resources */ = {isa = PBXBuildFile; fileRef = 9F9EDD8E22D74149003E519A /* Assets.xcassets */; };
		9F9EDD9222D74149003E519A /* LaunchScreen.storyboard in Resources */ = {isa = PBXBuildFile; fileRef = 9F9EDD9022D74149003E519A /* LaunchScreen.storyboard */; };
		9F9EDD9522D74149003E519A /* main.m in Sources */ = {isa = PBXBuildFile; fileRef = 9F9EDD9422D74149003E519A /* main.m */; };
		9F9EDD9F22D74149003E519A /* TestAppTests.m in Sources */ = {isa = PBXBuildFile; fileRef = 9F9EDD9E22D74149003E519A /* TestAppTests.m */; };
		9F9EDDAA22D74149003E519A /* TestAppUITests.m in Sources */ = {isa = PBXBuildFile; fileRef = 9F9EDDA922D74149003E519A /* TestAppUITests.m */; };
		9FA7E35E22D82A5300332E45 /* TabBarController.m in Sources */ = {isa = PBXBuildFile; fileRef = 9FA7E35D22D82A5300332E45 /* TabBarController.m */; };
/* End PBXBuildFile section */

/* Begin PBXContainerItemProxy section */
		9F9EDD9B22D74149003E519A /* PBXContainerItemProxy */ = {
			isa = PBXContainerItemProxy;
			containerPortal = 9F9EDD7A22D74147003E519A /* Project object */;
			proxyType = 1;
			remoteGlobalIDString = 9F9EDD8122D74147003E519A;
			remoteInfo = TestApp;
		};
		9F9EDDA622D74149003E519A /* PBXContainerItemProxy */ = {
			isa = PBXContainerItemProxy;
			containerPortal = 9F9EDD7A22D74147003E519A /* Project object */;
			proxyType = 1;
			remoteGlobalIDString = 9F9EDD8122D74147003E519A;
			remoteInfo = TestApp;
		};
/* End PBXContainerItemProxy section */

/* Begin PBXFileReference section */
		0AA2B90C757F423586C56877 /* Pods-TestApp.release.xcconfig */ = {isa = PBXFileReference; includeInIndex = 1; lastKnownFileType = text.xcconfig; name = "Pods-TestApp.release.xcconfig"; path = "Target Support Files/Pods-TestApp/Pods-TestApp.release.xcconfig"; sourceTree = "<group>"; };
		1069D6964288B3F4304B26E6 /* libPods-TestApp.a */ = {isa = PBXFileReference; explicitFileType = archive.ar; includeInIndex = 0; path = "libPods-TestApp.a"; sourceTree = BUILT_PRODUCTS_DIR; };
		9F9EDD8222D74147003E519A /* TestApp.app */ = {isa = PBXFileReference; explicitFileType = wrapper.application; includeInIndex = 0; path = TestApp.app; sourceTree = BUILT_PRODUCTS_DIR; };
		9F9EDD8522D74147003E519A /* AppDelegate.h */ = {isa = PBXFileReference; lastKnownFileType = sourcecode.c.h; path = AppDelegate.h; sourceTree = "<group>"; };
		9F9EDD8622D74147003E519A /* AppDelegate.m */ = {isa = PBXFileReference; lastKnownFileType = sourcecode.c.objc; path = AppDelegate.m; sourceTree = "<group>"; };
		9F9EDD8822D74147003E519A /* ViewController.h */ = {isa = PBXFileReference; lastKnownFileType = sourcecode.c.h; path = ViewController.h; sourceTree = "<group>"; };
		9F9EDD8922D74147003E519A /* ViewController.m */ = {isa = PBXFileReference; lastKnownFileType = sourcecode.c.objc; path = ViewController.m; sourceTree = "<group>"; };
		9F9EDD8C22D74148003E519A /* Base */ = {isa = PBXFileReference; lastKnownFileType = file.storyboard; name = Base; path = Base.lproj/Main.storyboard; sourceTree = "<group>"; };
		9F9EDD8E22D74149003E519A /* Assets.xcassets */ = {isa = PBXFileReference; lastKnownFileType = folder.assetcatalog; path = Assets.xcassets; sourceTree = "<group>"; };
		9F9EDD9122D74149003E519A /* Base */ = {isa = PBXFileReference; lastKnownFileType = file.storyboard; name = Base; path = Base.lproj/LaunchScreen.storyboard; sourceTree = "<group>"; };
		9F9EDD9322D74149003E519A /* Info.plist */ = {isa = PBXFileReference; lastKnownFileType = text.plist.xml; path = Info.plist; sourceTree = "<group>"; };
		9F9EDD9422D74149003E519A /* main.m */ = {isa = PBXFileReference; lastKnownFileType = sourcecode.c.objc; path = main.m; sourceTree = "<group>"; };
		9F9EDD9A22D74149003E519A /* TestAppTests.xctest */ = {isa = PBXFileReference; explicitFileType = wrapper.cfbundle; includeInIndex = 0; path = TestAppTests.xctest; sourceTree = BUILT_PRODUCTS_DIR; };
		9F9EDD9E22D74149003E519A /* TestAppTests.m */ = {isa = PBXFileReference; lastKnownFileType = sourcecode.c.objc; path = TestAppTests.m; sourceTree = "<group>"; };
		9F9EDDA022D74149003E519A /* Info.plist */ = {isa = PBXFileReference; lastKnownFileType = text.plist.xml; path = Info.plist; sourceTree = "<group>"; };
		9F9EDDA522D74149003E519A /* TestAppUITests.xctest */ = {isa = PBXFileReference; explicitFileType = wrapper.cfbundle; includeInIndex = 0; path = TestAppUITests.xctest; sourceTree = BUILT_PRODUCTS_DIR; };
		9F9EDDA922D74149003E519A /* TestAppUITests.m */ = {isa = PBXFileReference; lastKnownFileType = sourcecode.c.objc; path = TestAppUITests.m; sourceTree = "<group>"; };
		9F9EDDAB22D74149003E519A /* Info.plist */ = {isa = PBXFileReference; lastKnownFileType = text.plist.xml; path = Info.plist; sourceTree = "<group>"; };
		9FA7E35C22D82A5300332E45 /* TabBarController.h */ = {isa = PBXFileReference; lastKnownFileType = sourcecode.c.h; path = TabBarController.h; sourceTree = "<group>"; };
		9FA7E35D22D82A5300332E45 /* TabBarController.m */ = {isa = PBXFileReference; lastKnownFileType = sourcecode.c.objc; path = TabBarController.m; sourceTree = "<group>"; };
		E1488C72A4C64AA39D4CDCA5 /* Pods-TestApp.debug.xcconfig */ = {isa = PBXFileReference; includeInIndex = 1; lastKnownFileType = text.xcconfig; name = "Pods-TestApp.debug.xcconfig"; path = "Target Support Files/Pods-TestApp/Pods-TestApp.debug.xcconfig"; sourceTree = "<group>"; };
/* End PBXFileReference section */

/* Begin PBXFrameworksBuildPhase section */
		9F9EDD7F22D74147003E519A /* Frameworks */ = {
			isa = PBXFrameworksBuildPhase;
			buildActionMask = 2147483647;
			files = (
				449E7361F6442C637331F413 /* libPods-TestApp.a in Frameworks */,
			);
			runOnlyForDeploymentPostprocessing = 0;
		};
		9F9EDD9722D74149003E519A /* Frameworks */ = {
			isa = PBXFrameworksBuildPhase;
			buildActionMask = 2147483647;
			files = (
			);
			runOnlyForDeploymentPostprocessing = 0;
		};
		9F9EDDA222D74149003E519A /* Frameworks */ = {
			isa = PBXFrameworksBuildPhase;
			buildActionMask = 2147483647;
			files = (
			);
			runOnlyForDeploymentPostprocessing = 0;
		};
/* End PBXFrameworksBuildPhase section */

/* Begin PBXGroup section */
		2A64FFACCCACB98B82D8F9B4 /* Frameworks */ = {
			isa = PBXGroup;
			children = (
				1069D6964288B3F4304B26E6 /* libPods-TestApp.a */,
			);
			name = Frameworks;
			sourceTree = "<group>";
		};
		3C67C26C78F82F4CA5464211 /* Pods */ = {
			isa = PBXGroup;
			children = (
				E1488C72A4C64AA39D4CDCA5 /* Pods-TestApp.debug.xcconfig */,
				0AA2B90C757F423586C56877 /* Pods-TestApp.release.xcconfig */,
			);
			path = Pods;
			sourceTree = "<group>";
		};
		9F9EDD7922D74147003E519A = {
			isa = PBXGroup;
			children = (
				9F9EDD8422D74147003E519A /* TestApp */,
				9F9EDD9D22D74149003E519A /* TestAppTests */,
				9F9EDDA822D74149003E519A /* TestAppUITests */,
				9F9EDD8322D74147003E519A /* Products */,
				3C67C26C78F82F4CA5464211 /* Pods */,
				2A64FFACCCACB98B82D8F9B4 /* Frameworks */,
			);
			sourceTree = "<group>";
		};
		9F9EDD8322D74147003E519A /* Products */ = {
			isa = PBXGroup;
			children = (
				9F9EDD8222D74147003E519A /* TestApp.app */,
				9F9EDD9A22D74149003E519A /* TestAppTests.xctest */,
				9F9EDDA522D74149003E519A /* TestAppUITests.xctest */,
			);
			name = Products;
			sourceTree = "<group>";
		};
		9F9EDD8422D74147003E519A /* TestApp */ = {
			isa = PBXGroup;
			children = (
				9FA7E35C22D82A5300332E45 /* TabBarController.h */,
				9FA7E35D22D82A5300332E45 /* TabBarController.m */,
				9F9EDD8522D74147003E519A /* AppDelegate.h */,
				9F9EDD8622D74147003E519A /* AppDelegate.m */,
				9F9EDD8822D74147003E519A /* ViewController.h */,
				9F9EDD8922D74147003E519A /* ViewController.m */,
				9F9EDD8B22D74148003E519A /* Main.storyboard */,
				9F9EDD8E22D74149003E519A /* Assets.xcassets */,
				9F9EDD9022D74149003E519A /* LaunchScreen.storyboard */,
				9F9EDD9322D74149003E519A /* Info.plist */,
				9F9EDD9422D74149003E519A /* main.m */,
			);
			path = TestApp;
			sourceTree = "<group>";
		};
		9F9EDD9D22D74149003E519A /* TestAppTests */ = {
			isa = PBXGroup;
			children = (
				9F9EDD9E22D74149003E519A /* TestAppTests.m */,
				9F9EDDA022D74149003E519A /* Info.plist */,
			);
			path = TestAppTests;
			sourceTree = "<group>";
		};
		9F9EDDA822D74149003E519A /* TestAppUITests */ = {
			isa = PBXGroup;
			children = (
				9F9EDDA922D74149003E519A /* TestAppUITests.m */,
				9F9EDDAB22D74149003E519A /* Info.plist */,
			);
			path = TestAppUITests;
			sourceTree = "<group>";
		};
/* End PBXGroup section */

/* Begin PBXNativeTarget section */
		9F9EDD8122D74147003E519A /* TestApp */ = {
			isa = PBXNativeTarget;
			buildConfigurationList = 9F9EDDAE22D74149003E519A /* Build configuration list for PBXNativeTarget "TestApp" */;
			buildPhases = (
				890FADB1F94FF0191A453C1F /* [CP] Check Pods Manifest.lock */,
				9F9EDD7E22D74147003E519A /* Sources */,
				9F9EDD7F22D74147003E519A /* Frameworks */,
				9F9EDD8022D74147003E519A /* Resources */,
				306C375B4D9B1AD52EBB58B2 /* [CP] Copy Pods Resources */,
			);
			buildRules = (
			);
			dependencies = (
			);
			name = TestApp;
			productName = TestApp;
			productReference = 9F9EDD8222D74147003E519A /* TestApp.app */;
			productType = "com.apple.product-type.application";
		};
		9F9EDD9922D74149003E519A /* TestAppTests */ = {
			isa = PBXNativeTarget;
			buildConfigurationList = 9F9EDDB122D74149003E519A /* Build configuration list for PBXNativeTarget "TestAppTests" */;
			buildPhases = (
				9F9EDD9622D74149003E519A /* Sources */,
				9F9EDD9722D74149003E519A /* Frameworks */,
				9F9EDD9822D74149003E519A /* Resources */,
			);
			buildRules = (
			);
			dependencies = (
				9F9EDD9C22D74149003E519A /* PBXTargetDependency */,
			);
			name = TestAppTests;
			productName = TestAppTests;
			productReference = 9F9EDD9A22D74149003E519A /* TestAppTests.xctest */;
			productType = "com.apple.product-type.bundle.unit-test";
		};
		9F9EDDA422D74149003E519A /* TestAppUITests */ = {
			isa = PBXNativeTarget;
			buildConfigurationList = 9F9EDDB422D74149003E519A /* Build configuration list for PBXNativeTarget "TestAppUITests" */;
			buildPhases = (
				9F9EDDA122D74149003E519A /* Sources */,
				9F9EDDA222D74149003E519A /* Frameworks */,
				9F9EDDA322D74149003E519A /* Resources */,
			);
			buildRules = (
			);
			dependencies = (
				9F9EDDA722D74149003E519A /* PBXTargetDependency */,
			);
			name = TestAppUITests;
			productName = TestAppUITests;
			productReference = 9F9EDDA522D74149003E519A /* TestAppUITests.xctest */;
			productType = "com.apple.product-type.bundle.ui-testing";
		};
/* End PBXNativeTarget section */

/* Begin PBXProject section */
		9F9EDD7A22D74147003E519A /* Project object */ = {
			isa = PBXProject;
			attributes = {
				LastUpgradeCheck = 1020;
				ORGANIZATIONNAME = Suzhibin;
				TargetAttributes = {
					9F9EDD8122D74147003E519A = {
						CreatedOnToolsVersion = 10.2.1;
					};
					9F9EDD9922D74149003E519A = {
						CreatedOnToolsVersion = 10.2.1;
						TestTargetID = 9F9EDD8122D74147003E519A;
					};
					9F9EDDA422D74149003E519A = {
						CreatedOnToolsVersion = 10.2.1;
						TestTargetID = 9F9EDD8122D74147003E519A;
					};
				};
			};
			buildConfigurationList = 9F9EDD7D22D74147003E519A /* Build configuration list for PBXProject "TestApp" */;
			compatibilityVersion = "Xcode 9.3";
			developmentRegion = en;
			hasScannedForEncodings = 0;
			knownRegions = (
				en,
				Base,
			);
			mainGroup = 9F9EDD7922D74147003E519A;
			productRefGroup = 9F9EDD8322D74147003E519A /* Products */;
			projectDirPath = "";
			projectRoot = "";
			targets = (
				9F9EDD8122D74147003E519A /* TestApp */,
				9F9EDD9922D74149003E519A /* TestAppTests */,
				9F9EDDA422D74149003E519A /* TestAppUITests */,
			);
		};
/* End PBXProject section */

/* Begin PBXResourcesBuildPhase section */
		9F9EDD8022D74147003E519A /* Resources */ = {
			isa = PBXResourcesBuildPhase;
			buildActionMask = 2147483647;
			files = (
				9F9EDD9222D74149003E519A /* LaunchScreen.storyboard in Resources */,
				9F9EDD8F22D74149003E519A /* Assets.xcassets in Resources */,
				9F9EDD8D22D74148003E519A /* Main.storyboard in Resources */,
			);
			runOnlyForDeploymentPostprocessing = 0;
		};
		9F9EDD9822D74149003E519A /* Resources */ = {
			isa = PBXResourcesBuildPhase;
			buildActionMask = 2147483647;
			files = (
			);
			runOnlyForDeploymentPostprocessing = 0;
		};
		9F9EDDA322D74149003E519A /* Resources */ = {
			isa = PBXResourcesBuildPhase;
			buildActionMask = 2147483647;
			files = (
			);
			runOnlyForDeploymentPostprocessing = 0;
		};
/* End PBXResourcesBuildPhase section */

/* Begin PBXShellScriptBuildPhase section */
		306C375B4D9B1AD52EBB58B2 /* [CP] Copy Pods Resources */ = {
			isa = PBXShellScriptBuildPhase;
			buildActionMask = 2147483647;
			files = (
			);
			inputFileListPaths = (
				"${PODS_ROOT}/Target Support Files/Pods-TestApp/Pods-TestApp-resources-${CONFIGURATION}-input-files.xcfilelist",
			);
			name = "[CP] Copy Pods Resources";
			outputFileListPaths = (
				"${PODS_ROOT}/Target Support Files/Pods-TestApp/Pods-TestApp-resources-${CONFIGURATION}-output-files.xcfilelist",
			);
			runOnlyForDeploymentPostprocessing = 0;
			shellPath = /bin/sh;
			shellScript = "\"${PODS_ROOT}/Target Support Files/Pods-TestApp/Pods-TestApp-resources.sh\"\n";
			showEnvVarsInLog = 0;
		};
		890FADB1F94FF0191A453C1F /* [CP] Check Pods Manifest.lock */ = {
			isa = PBXShellScriptBuildPhase;
			buildActionMask = 2147483647;
			files = (
			);
			inputFileListPaths = (
			);
			inputPaths = (
				"${PODS_PODFILE_DIR_PATH}/Podfile.lock",
				"${PODS_ROOT}/Manifest.lock",
			);
			name = "[CP] Check Pods Manifest.lock";
			outputFileListPaths = (
			);
			outputPaths = (
				"$(DERIVED_FILE_DIR)/Pods-TestApp-checkManifestLockResult.txt",
			);
			runOnlyForDeploymentPostprocessing = 0;
			shellPath = /bin/sh;
			shellScript = "diff \"${PODS_PODFILE_DIR_PATH}/Podfile.lock\" \"${PODS_ROOT}/Manifest.lock\" > /dev/null\nif [ $? != 0 ] ; then\n    # print error to STDERR\n    echo \"error: The sandbox is not in sync with the Podfile.lock. Run 'pod install' or update your CocoaPods installation.\" >&2\n    exit 1\nfi\n# This output is used by Xcode 'outputs' to avoid re-running this script phase.\necho \"SUCCESS\" > \"${SCRIPT_OUTPUT_FILE_0}\"\n";
			showEnvVarsInLog = 0;
		};
/* End PBXShellScriptBuildPhase section */

/* Begin PBXSourcesBuildPhase section */
		9F9EDD7E22D74147003E519A /* Sources */ = {
			isa = PBXSourcesBuildPhase;
			buildActionMask = 2147483647;
			files = (
				9F9EDD8A22D74147003E519A /* ViewController.m in Sources */,
				9FA7E35E22D82A5300332E45 /* TabBarController.m in Sources */,
				9F9EDD9522D74149003E519A /* main.m in Sources */,
				9F9EDD8722D74147003E519A /* AppDelegate.m in Sources */,
			);
			runOnlyForDeploymentPostprocessing = 0;
		};
		9F9EDD9622D74149003E519A /* Sources */ = {
			isa = PBXSourcesBuildPhase;
			buildActionMask = 2147483647;
			files = (
				9F9EDD9F22D74149003E519A /* TestAppTests.m in Sources */,
			);
			runOnlyForDeploymentPostprocessing = 0;
		};
		9F9EDDA122D74149003E519A /* Sources */ = {
			isa = PBXSourcesBuildPhase;
			buildActionMask = 2147483647;
			files = (
				9F9EDDAA22D74149003E519A /* TestAppUITests.m in Sources */,
			);
			runOnlyForDeploymentPostprocessing = 0;
		};
/* End PBXSourcesBuildPhase section */

/* Begin PBXTargetDependency section */
		9F9EDD9C22D74149003E519A /* PBXTargetDependency */ = {
			isa = PBXTargetDependency;
			target = 9F9EDD8122D74147003E519A /* TestApp */;
			targetProxy = 9F9EDD9B22D74149003E519A /* PBXContainerItemProxy */;
		};
		9F9EDDA722D74149003E519A /* PBXTargetDependency */ = {
			isa = PBXTargetDependency;
			target = 9F9EDD8122D74147003E519A /* TestApp */;
			targetProxy = 9F9EDDA622D74149003E519A /* PBXContainerItemProxy */;
		};
/* End PBXTargetDependency section */

/* Begin PBXVariantGroup section */
		9F9EDD8B22D74148003E519A /* Main.storyboard */ = {
			isa = PBXVariantGroup;
			children = (
				9F9EDD8C22D74148003E519A /* Base */,
			);
			name = Main.storyboard;
			sourceTree = "<group>";
		};
		9F9EDD9022D74149003E519A /* LaunchScreen.storyboard */ = {
			isa = PBXVariantGroup;
			children = (
				9F9EDD9122D74149003E519A /* Base */,
			);
			name = LaunchScreen.storyboard;
			sourceTree = "<group>";
		};
/* End PBXVariantGroup section */

/* Begin XCBuildConfiguration section */
		9F9EDDAC22D74149003E519A /* Debug */ = {
			isa = XCBuildConfiguration;
			buildSettings = {
				ALWAYS_SEARCH_USER_PATHS = NO;
				CLANG_ANALYZER_NONNULL = YES;
				CLANG_ANALYZER_NUMBER_OBJECT_CONVERSION = YES_AGGRESSIVE;
				CLANG_CXX_LANGUAGE_STANDARD = "gnu++14";
				CLANG_CXX_LIBRARY = "libc++";
				CLANG_ENABLE_MODULES = YES;
				CLANG_ENABLE_OBJC_ARC = YES;
				CLANG_ENABLE_OBJC_WEAK = YES;
				CLANG_WARN_BLOCK_CAPTURE_AUTORELEASING = YES;
				CLANG_WARN_BOOL_CONVERSION = YES;
				CLANG_WARN_COMMA = YES;
				CLANG_WARN_CONSTANT_CONVERSION = YES;
				CLANG_WARN_DEPRECATED_OBJC_IMPLEMENTATIONS = YES;
				CLANG_WARN_DIRECT_OBJC_ISA_USAGE = YES_ERROR;
				CLANG_WARN_DOCUMENTATION_COMMENTS = YES;
				CLANG_WARN_EMPTY_BODY = YES;
				CLANG_WARN_ENUM_CONVERSION = YES;
				CLANG_WARN_INFINITE_RECURSION = YES;
				CLANG_WARN_INT_CONVERSION = YES;
				CLANG_WARN_NON_LITERAL_NULL_CONVERSION = YES;
				CLANG_WARN_OBJC_IMPLICIT_RETAIN_SELF = YES;
				CLANG_WARN_OBJC_LITERAL_CONVERSION = YES;
				CLANG_WARN_OBJC_ROOT_CLASS = YES_ERROR;
				CLANG_WARN_RANGE_LOOP_ANALYSIS = YES;
				CLANG_WARN_STRICT_PROTOTYPES = YES;
				CLANG_WARN_SUSPICIOUS_MOVE = YES;
				CLANG_WARN_UNGUARDED_AVAILABILITY = YES_AGGRESSIVE;
				CLANG_WARN_UNREACHABLE_CODE = YES;
				CLANG_WARN__DUPLICATE_METHOD_MATCH = YES;
				CODE_SIGN_IDENTITY = "iPhone Developer";
				COPY_PHASE_STRIP = NO;
				DEBUG_INFORMATION_FORMAT = dwarf;
				ENABLE_STRICT_OBJC_MSGSEND = YES;
				ENABLE_TESTABILITY = YES;
				GCC_C_LANGUAGE_STANDARD = gnu11;
				GCC_DYNAMIC_NO_PIC = NO;
				GCC_NO_COMMON_BLOCKS = YES;
				GCC_OPTIMIZATION_LEVEL = 0;
				GCC_PREPROCESSOR_DEFINITIONS = (
					"DEBUG=1",
					"$(inherited)",
				);
				GCC_WARN_64_TO_32_BIT_CONVERSION = YES;
				GCC_WARN_ABOUT_RETURN_TYPE = YES_ERROR;
				GCC_WARN_UNDECLARED_SELECTOR = YES;
				GCC_WARN_UNINITIALIZED_AUTOS = YES_AGGRESSIVE;
				GCC_WARN_UNUSED_FUNCTION = YES;
				GCC_WARN_UNUSED_VARIABLE = YES;
				IPHONEOS_DEPLOYMENT_TARGET = 12.2;
				MTL_ENABLE_DEBUG_INFO = INCLUDE_SOURCE;
				MTL_FAST_MATH = YES;
				ONLY_ACTIVE_ARCH = YES;
				SDKROOT = iphoneos;
			};
			name = Debug;
		};
		9F9EDDAD22D74149003E519A /* Release */ = {
			isa = XCBuildConfiguration;
			buildSettings = {
				ALWAYS_SEARCH_USER_PATHS = NO;
				CLANG_ANALYZER_NONNULL = YES;
				CLANG_ANALYZER_NUMBER_OBJECT_CONVERSION = YES_AGGRESSIVE;
				CLANG_CXX_LANGUAGE_STANDARD = "gnu++14";
				CLANG_CXX_LIBRARY = "libc++";
				CLANG_ENABLE_MODULES = YES;
				CLANG_ENABLE_OBJC_ARC = YES;
				CLANG_ENABLE_OBJC_WEAK = YES;
				CLANG_WARN_BLOCK_CAPTURE_AUTORELEASING = YES;
				CLANG_WARN_BOOL_CONVERSION = YES;
				CLANG_WARN_COMMA = YES;
				CLANG_WARN_CONSTANT_CONVERSION = YES;
				CLANG_WARN_DEPRECATED_OBJC_IMPLEMENTATIONS = YES;
				CLANG_WARN_DIRECT_OBJC_ISA_USAGE = YES_ERROR;
				CLANG_WARN_DOCUMENTATION_COMMENTS = YES;
				CLANG_WARN_EMPTY_BODY = YES;
				CLANG_WARN_ENUM_CONVERSION = YES;
				CLANG_WARN_INFINITE_RECURSION = YES;
				CLANG_WARN_INT_CONVERSION = YES;
				CLANG_WARN_NON_LITERAL_NULL_CONVERSION = YES;
				CLANG_WARN_OBJC_IMPLICIT_RETAIN_SELF = YES;
				CLANG_WARN_OBJC_LITERAL_CONVERSION = YES;
				CLANG_WARN_OBJC_ROOT_CLASS = YES_ERROR;
				CLANG_WARN_RANGE_LOOP_ANALYSIS = YES;
				CLANG_WARN_STRICT_PROTOTYPES = YES;
				CLANG_WARN_SUSPICIOUS_MOVE = YES;
				CLANG_WARN_UNGUARDED_AVAILABILITY = YES_AGGRESSIVE;
				CLANG_WARN_UNREACHABLE_CODE = YES;
				CLANG_WARN__DUPLICATE_METHOD_MATCH = YES;
				CODE_SIGN_IDENTITY = "iPhone Developer";
				COPY_PHASE_STRIP = NO;
				DEBUG_INFORMATION_FORMAT = "dwarf-with-dsym";
				ENABLE_NS_ASSERTIONS = NO;
				ENABLE_STRICT_OBJC_MSGSEND = YES;
				GCC_C_LANGUAGE_STANDARD = gnu11;
				GCC_NO_COMMON_BLOCKS = YES;
				GCC_WARN_64_TO_32_BIT_CONVERSION = YES;
				GCC_WARN_ABOUT_RETURN_TYPE = YES_ERROR;
				GCC_WARN_UNDECLARED_SELECTOR = YES;
				GCC_WARN_UNINITIALIZED_AUTOS = YES_AGGRESSIVE;
				GCC_WARN_UNUSED_FUNCTION = YES;
				GCC_WARN_UNUSED_VARIABLE = YES;
				IPHONEOS_DEPLOYMENT_TARGET = 12.2;
				MTL_ENABLE_DEBUG_INFO = NO;
				MTL_FAST_MATH = YES;
				SDKROOT = iphoneos;
				VALIDATE_PRODUCT = YES;
			};
			name = Release;
		};
		9F9EDDAF22D74149003E519A /* Debug */ = {
			isa = XCBuildConfiguration;
			baseConfigurationReference = E1488C72A4C64AA39D4CDCA5 /* Pods-TestApp.debug.xcconfig */;
			buildSettings = {
				ASSETCATALOG_COMPILER_APPICON_NAME = AppIcon;
				CODE_SIGN_STYLE = Automatic;
				INFOPLIST_FILE = TestApp/Info.plist;
				LD_RUNPATH_SEARCH_PATHS = (
					"$(inherited)",
					"@executable_path/Frameworks",
				);
				PRODUCT_BUNDLE_IDENTIFIER = com.github.TestApp;
				PRODUCT_NAME = "$(TARGET_NAME)";
				TARGETED_DEVICE_FAMILY = "1,2";
			};
			name = Debug;
		};
		9F9EDDB022D74149003E519A /* Release */ = {
			isa = XCBuildConfiguration;
			baseConfigurationReference = 0AA2B90C757F423586C56877 /* Pods-TestApp.release.xcconfig */;
			buildSettings = {
				ASSETCATALOG_COMPILER_APPICON_NAME = AppIcon;
				CODE_SIGN_STYLE = Automatic;
				INFOPLIST_FILE = TestApp/Info.plist;
				LD_RUNPATH_SEARCH_PATHS = (
					"$(inherited)",
					"@executable_path/Frameworks",
				);
				PRODUCT_BUNDLE_IDENTIFIER = com.github.TestApp;
				PRODUCT_NAME = "$(TARGET_NAME)";
				TARGETED_DEVICE_FAMILY = "1,2";
			};
			name = Release;
		};
		9F9EDDB222D74149003E519A /* Debug */ = {
			isa = XCBuildConfiguration;
			buildSettings = {
				BUNDLE_LOADER = "$(TEST_HOST)";
				CODE_SIGN_STYLE = Automatic;
				INFOPLIST_FILE = TestAppTests/Info.plist;
				LD_RUNPATH_SEARCH_PATHS = (
					"$(inherited)",
					"@executable_path/Frameworks",
					"@loader_path/Frameworks",
				);
				PRODUCT_BUNDLE_IDENTIFIER = com.github.TestAppTests;
				PRODUCT_NAME = "$(TARGET_NAME)";
				TARGETED_DEVICE_FAMILY = "1,2";
				TEST_HOST = "$(BUILT_PRODUCTS_DIR)/TestApp.app/TestApp";
			};
			name = Debug;
		};
		9F9EDDB322D74149003E519A /* Release */ = {
			isa = XCBuildConfiguration;
			buildSettings = {
				BUNDLE_LOADER = "$(TEST_HOST)";
				CODE_SIGN_STYLE = Automatic;
				INFOPLIST_FILE = TestAppTests/Info.plist;
				LD_RUNPATH_SEARCH_PATHS = (
					"$(inherited)",
					"@executable_path/Frameworks",
					"@loader_path/Frameworks",
				);
				PRODUCT_BUNDLE_IDENTIFIER = com.github.TestAppTests;
				PRODUCT_NAME = "$(TARGET_NAME)";
				TARGETED_DEVICE_FAMILY = "1,2";
				TEST_HOST = "$(BUILT_PRODUCTS_DIR)/TestApp.app/TestApp";
			};
			name = Release;
		};
		9F9EDDB522D74149003E519A /* Debug */ = {
			isa = XCBuildConfiguration;
			buildSettings = {
				CODE_SIGN_STYLE = Automatic;
				INFOPLIST_FILE = TestAppUITests/Info.plist;
				LD_RUNPATH_SEARCH_PATHS = (
					"$(inherited)",
					"@executable_path/Frameworks",
					"@loader_path/Frameworks",
				);
				PRODUCT_BUNDLE_IDENTIFIER = com.github.TestAppUITests;
				PRODUCT_NAME = "$(TARGET_NAME)";
				TARGETED_DEVICE_FAMILY = "1,2";
				TEST_TARGET_NAME = TestApp;
			};
			name = Debug;
		};
		9F9EDDB622D74149003E519A /* Release */ = {
			isa = XCBuildConfiguration;
			buildSettings = {
				CODE_SIGN_STYLE = Automatic;
				INFOPLIST_FILE = TestAppUITests/Info.plist;
				LD_RUNPATH_SEARCH_PATHS = (
					"$(inherited)",
					"@executable_path/Frameworks",
					"@loader_path/Frameworks",
				);
				PRODUCT_BUNDLE_IDENTIFIER = com.github.TestAppUITests;
				PRODUCT_NAME = "$(TARGET_NAME)";
				TARGETED_DEVICE_FAMILY = "1,2";
				TEST_TARGET_NAME = TestApp;
			};
			name = Release;
		};
/* End XCBuildConfiguration section */

/* Begin XCConfigurationList section */
		9F9EDD7D22D74147003E519A /* Build configuration list for PBXProject "TestApp" */ = {
			isa = XCConfigurationList;
			buildConfigurations = (
				9F9EDDAC22D74149003E519A /* Debug */,
				9F9EDDAD22D74149003E519A /* Release */,
			);
			defaultConfigurationIsVisible = 0;
			defaultConfigurationName = Release;
		};
		9F9EDDAE22D74149003E519A /* Build configuration list for PBXNativeTarget "TestApp" */ = {
			isa = XCConfigurationList;
			buildConfigurations = (
				9F9EDDAF22D74149003E519A /* Debug */,
				9F9EDDB022D74149003E519A /* Release */,
			);
			defaultConfigurationIsVisible = 0;
			defaultConfigurationName = Release;
		};
		9F9EDDB122D74149003E519A /* Build configuration list for PBXNativeTarget "TestAppTests" */ = {
			isa = XCConfigurationList;
			buildConfigurations = (
				9F9EDDB222D74149003E519A /* Debug */,
				9F9EDDB322D74149003E519A /* Release */,
			);
			defaultConfigurationIsVisible = 0;
			defaultConfigurationName = Release;
		};
		9F9EDDB422D74149003E519A /* Build configuration list for PBXNativeTarget "TestAppUITests" */ = {
			isa = XCConfigurationList;
			buildConfigurations = (
				9F9EDDB522D74149003E519A /* Debug */,
				9F9EDDB622D74149003E519A /* Release */,
			);
			defaultConfigurationIsVisible = 0;
			defaultConfigurationName = Release;
		};
/* End XCConfigurationList section */
	};
	rootObject = 9F9EDD7A22D74147003E519A /* Project object */;
}
